// !$*UTF8*$!
{
	archiveVersion = 1;
	classes = {
	};
	objectVersion = 51;
	objects = {

/* Begin PBXBuildFile section */
		1F4F898D2688870D00ED7AAE /* TPModel.swift in Sources */ = {isa = PBXBuildFile; fileRef = 1F4F898C2688870D00ED7AAE /* TPModel.swift */; };
		1F4F89902688873400ED7AAE /* TPData.swift in Sources */ = {isa = PBXBuildFile; fileRef = 1F4F898F2688873400ED7AAE /* TPData.swift */; };
		1F4F89922688874D00ED7AAE /* TPManager.swift in Sources */ = {isa = PBXBuildFile; fileRef = 1F4F89912688874D00ED7AAE /* TPManager.swift */; };
		1F6751E52687B077008981DB /* Keys.swift in Sources */ = {isa = PBXBuildFile; fileRef = 1F6751E42687B077008981DB /* Keys.swift */; };
		1F70FCC126873DB700D8B52A /* MapVC.swift in Sources */ = {isa = PBXBuildFile; fileRef = 1F70FCC026873DB700D8B52A /* MapVC.swift */; };
		1F9D469A26846F7A00D2CEE8 /* AppDelegate.swift in Sources */ = {isa = PBXBuildFile; fileRef = 1F9D469926846F7A00D2CEE8 /* AppDelegate.swift */; };
		1F9D469C26846F7A00D2CEE8 /* SceneDelegate.swift in Sources */ = {isa = PBXBuildFile; fileRef = 1F9D469B26846F7A00D2CEE8 /* SceneDelegate.swift */; };
		1F9D469E26846F7A00D2CEE8 /* LoginVC.swift in Sources */ = {isa = PBXBuildFile; fileRef = 1F9D469D26846F7A00D2CEE8 /* LoginVC.swift */; };
		1F9D46A326846F7D00D2CEE8 /* Assets.xcassets in Resources */ = {isa = PBXBuildFile; fileRef = 1F9D46A226846F7D00D2CEE8 /* Assets.xcassets */; };
		1FD9219C2688576900E3123E /* Main.storyboard in Resources */ = {isa = PBXBuildFile; fileRef = 1F9D469F26846F7A00D2CEE8 /* Main.storyboard */; };
		1FD9219D2688577000E3123E /* LaunchScreen.storyboard in Resources */ = {isa = PBXBuildFile; fileRef = 1F9D46A426846F7D00D2CEE8 /* LaunchScreen.storyboard */; };
		EB2A9F3D3CADC1F5DE599E2F /* Pods_Test_Project_for_VertageLab.framework in Frameworks */ = {isa = PBXBuildFile; fileRef = 4570023194913548454C32C6 /* Pods_Test_Project_for_VertageLab.framework */; };
/* End PBXBuildFile section */

/* Begin PBXFileReference section */
		1F4F898C2688870D00ED7AAE /* TPModel.swift */ = {isa = PBXFileReference; lastKnownFileType = sourcecode.swift; path = TPModel.swift; sourceTree = "<group>"; };
		1F4F898F2688873400ED7AAE /* TPData.swift */ = {isa = PBXFileReference; lastKnownFileType = sourcecode.swift; path = TPData.swift; sourceTree = "<group>"; };
		1F4F89912688874D00ED7AAE /* TPManager.swift */ = {isa = PBXFileReference; lastKnownFileType = sourcecode.swift; path = TPManager.swift; sourceTree = "<group>"; };
		1F6751E42687B077008981DB /* Keys.swift */ = {isa = PBXFileReference; lastKnownFileType = sourcecode.swift; path = Keys.swift; sourceTree = "<group>"; };
		1F70FCC026873DB700D8B52A /* MapVC.swift */ = {isa = PBXFileReference; lastKnownFileType = sourcecode.swift; path = MapVC.swift; sourceTree = "<group>"; };
		1F9D469626846F7A00D2CEE8 /* Test Project for VertageLab.app */ = {isa = PBXFileReference; explicitFileType = wrapper.application; includeInIndex = 0; path = "Test Project for VertageLab.app"; sourceTree = BUILT_PRODUCTS_DIR; };
		1F9D469926846F7A00D2CEE8 /* AppDelegate.swift */ = {isa = PBXFileReference; lastKnownFileType = sourcecode.swift; path = AppDelegate.swift; sourceTree = "<group>"; };
		1F9D469B26846F7A00D2CEE8 /* SceneDelegate.swift */ = {isa = PBXFileReference; lastKnownFileType = sourcecode.swift; path = SceneDelegate.swift; sourceTree = "<group>"; };
		1F9D469D26846F7A00D2CEE8 /* LoginVC.swift */ = {isa = PBXFileReference; lastKnownFileType = sourcecode.swift; path = LoginVC.swift; sourceTree = "<group>"; };
		1F9D46A026846F7A00D2CEE8 /* Base */ = {isa = PBXFileReference; lastKnownFileType = file.storyboard; name = Base; path = Base.lproj/Main.storyboard; sourceTree = "<group>"; };
		1F9D46A226846F7D00D2CEE8 /* Assets.xcassets */ = {isa = PBXFileReference; lastKnownFileType = folder.assetcatalog; path = Assets.xcassets; sourceTree = "<group>"; };
		1F9D46A526846F7D00D2CEE8 /* Base */ = {isa = PBXFileReference; lastKnownFileType = file.storyboard; name = Base; path = Base.lproj/LaunchScreen.storyboard; sourceTree = "<group>"; };
		1F9D46A726846F7D00D2CEE8 /* Info.plist */ = {isa = PBXFileReference; lastKnownFileType = text.plist.xml; path = Info.plist; sourceTree = "<group>"; };
		4570023194913548454C32C6 /* Pods_Test_Project_for_VertageLab.framework */ = {isa = PBXFileReference; explicitFileType = wrapper.framework; includeInIndex = 0; path = Pods_Test_Project_for_VertageLab.framework; sourceTree = BUILT_PRODUCTS_DIR; };
		75FF39FB9AA090E1A63A819C /* Pods-Test Project for VertageLab.release.xcconfig */ = {isa = PBXFileReference; includeInIndex = 1; lastKnownFileType = text.xcconfig; name = "Pods-Test Project for VertageLab.release.xcconfig"; path = "Target Support Files/Pods-Test Project for VertageLab/Pods-Test Project for VertageLab.release.xcconfig"; sourceTree = "<group>"; };
		91DD1A3396213A3EBBE1327A /* Pods-Test Project for VertageLab.debug.xcconfig */ = {isa = PBXFileReference; includeInIndex = 1; lastKnownFileType = text.xcconfig; name = "Pods-Test Project for VertageLab.debug.xcconfig"; path = "Target Support Files/Pods-Test Project for VertageLab/Pods-Test Project for VertageLab.debug.xcconfig"; sourceTree = "<group>"; };
/* End PBXFileReference section */

/* Begin PBXFrameworksBuildPhase section */
		1F9D469326846F7A00D2CEE8 /* Frameworks */ = {
			isa = PBXFrameworksBuildPhase;
			buildActionMask = 2147483647;
			files = (
				EB2A9F3D3CADC1F5DE599E2F /* Pods_Test_Project_for_VertageLab.framework in Frameworks */,
			);
			runOnlyForDeploymentPostprocessing = 0;
		};
/* End PBXFrameworksBuildPhase section */

/* Begin PBXGroup section */
		1F4F898E2688872100ED7AAE /* Model */ = {
			isa = PBXGroup;
			children = (
				1F4F898C2688870D00ED7AAE /* TPModel.swift */,
				1F4F898F2688873400ED7AAE /* TPData.swift */,
				1F4F89912688874D00ED7AAE /* TPManager.swift */,
			);
			path = Model;
			sourceTree = "<group>";
		};
		1F9D468D26846F7A00D2CEE8 = {
			isa = PBXGroup;
			children = (
				1F9D469826846F7A00D2CEE8 /* Test Project for VertageLab */,
				1F9D469726846F7A00D2CEE8 /* Products */,
				CC4F34459FC7C5A1076D9DF4 /* Pods */,
				AB37250ECC493D0137D2A8E8 /* Frameworks */,
			);
			sourceTree = "<group>";
		};
		1F9D469726846F7A00D2CEE8 /* Products */ = {
			isa = PBXGroup;
			children = (
				1F9D469626846F7A00D2CEE8 /* Test Project for VertageLab.app */,
			);
			name = Products;
			sourceTree = "<group>";
		};
		1F9D469826846F7A00D2CEE8 /* Test Project for VertageLab */ = {
			isa = PBXGroup;
			children = (
				1F9D469926846F7A00D2CEE8 /* AppDelegate.swift */,
				1F9D469B26846F7A00D2CEE8 /* SceneDelegate.swift */,
				1F9D469D26846F7A00D2CEE8 /* LoginVC.swift */,
				1F9D469F26846F7A00D2CEE8 /* Main.storyboard */,
				1F70FCC026873DB700D8B52A /* MapVC.swift */,
				1F9D46A226846F7D00D2CEE8 /* Assets.xcassets */,
				1F9D46A426846F7D00D2CEE8 /* LaunchScreen.storyboard */,
				1F9D46A726846F7D00D2CEE8 /* Info.plist */,
				1F6751E42687B077008981DB /* Keys.swift */,
				1F4F898E2688872100ED7AAE /* Model */,
			);
			path = "Test Project for VertageLab";
			sourceTree = "<group>";
		};
		AB37250ECC493D0137D2A8E8 /* Frameworks */ = {
			isa = PBXGroup;
			children = (
				4570023194913548454C32C6 /* Pods_Test_Project_for_VertageLab.framework */,
			);
			name = Frameworks;
			sourceTree = "<group>";
		};
		CC4F34459FC7C5A1076D9DF4 /* Pods */ = {
			isa = PBXGroup;
			children = (
				91DD1A3396213A3EBBE1327A /* Pods-Test Project for VertageLab.debug.xcconfig */,
				75FF39FB9AA090E1A63A819C /* Pods-Test Project for VertageLab.release.xcconfig */,
			);
			path = Pods;
			sourceTree = "<group>";
		};
/* End PBXGroup section */

/* Begin PBXNativeTarget section */
		1F9D469526846F7A00D2CEE8 /* Test Project for VertageLab */ = {
			isa = PBXNativeTarget;
			buildConfigurationList = 1F9D46AA26846F7D00D2CEE8 /* Build configuration list for PBXNativeTarget "Test Project for VertageLab" */;
			buildPhases = (
				DEEA483582763AE2469CEC45 /* [CP] Check Pods Manifest.lock */,
				1F9D469226846F7A00D2CEE8 /* Sources */,
				1F9D469326846F7A00D2CEE8 /* Frameworks */,
				1F9D469426846F7A00D2CEE8 /* Resources */,
				94ADF447639F3BA0D3024F1D /* [CP] Copy Pods Resources */,
			);
			buildRules = (
			);
			dependencies = (
			);
			name = "Test Project for VertageLab";
			productName = "Test Project for VertageLab";
			productReference = 1F9D469626846F7A00D2CEE8 /* Test Project for VertageLab.app */;
			productType = "com.apple.product-type.application";
		};
/* End PBXNativeTarget section */

/* Begin PBXProject section */
		1F9D468E26846F7A00D2CEE8 /* Project object */ = {
			isa = PBXProject;
			attributes = {
				LastSwiftUpdateCheck = 1250;
				LastUpgradeCheck = 1250;
				TargetAttributes = {
					1F9D469526846F7A00D2CEE8 = {
						CreatedOnToolsVersion = 12.5.1;
					};
				};
			};
			buildConfigurationList = 1F9D469126846F7A00D2CEE8 /* Build configuration list for PBXProject "Test Project for VertageLab" */;
			compatibilityVersion = "Xcode 9.3";
			developmentRegion = en;
			hasScannedForEncodings = 0;
			knownRegions = (
				en,
				Base,
			);
			mainGroup = 1F9D468D26846F7A00D2CEE8;
			productRefGroup = 1F9D469726846F7A00D2CEE8 /* Products */;
			projectDirPath = "";
			projectRoot = "";
			targets = (
				1F9D469526846F7A00D2CEE8 /* Test Project for VertageLab */,
			);
		};
/* End PBXProject section */

/* Begin PBXResourcesBuildPhase section */
		1F9D469426846F7A00D2CEE8 /* Resources */ = {
			isa = PBXResourcesBuildPhase;
			buildActionMask = 2147483647;
			files = (
				1FD9219D2688577000E3123E /* LaunchScreen.storyboard in Resources */,
				1F9D46A326846F7D00D2CEE8 /* Assets.xcassets in Resources */,
				1FD9219C2688576900E3123E /* Main.storyboard in Resources */,
			);
			runOnlyForDeploymentPostprocessing = 0;
		};
/* End PBXResourcesBuildPhase section */

/* Begin PBXShellScriptBuildPhase section */
		94ADF447639F3BA0D3024F1D /* [CP] Copy Pods Resources */ = {
			isa = PBXShellScriptBuildPhase;
			buildActionMask = 2147483647;
			files = (
			);
			inputFileListPaths = (
				"${PODS_ROOT}/Target Support Files/Pods-Test Project for VertageLab/Pods-Test Project for VertageLab-resources-${CONFIGURATION}-input-files.xcfilelist",
			);
			name = "[CP] Copy Pods Resources";
			outputFileListPaths = (
				"${PODS_ROOT}/Target Support Files/Pods-Test Project for VertageLab/Pods-Test Project for VertageLab-resources-${CONFIGURATION}-output-files.xcfilelist",
			);
			runOnlyForDeploymentPostprocessing = 0;
			shellPath = /bin/sh;
			shellScript = "\"${PODS_ROOT}/Target Support Files/Pods-Test Project for VertageLab/Pods-Test Project for VertageLab-resources.sh\"\n";
			showEnvVarsInLog = 0;
		};
		DEEA483582763AE2469CEC45 /* [CP] Check Pods Manifest.lock */ = {
			isa = PBXShellScriptBuildPhase;
			buildActionMask = 2147483647;
			files = (
			);
			inputFileListPaths = (
			);
			inputPaths = (
				"${PODS_PODFILE_DIR_PATH}/Podfile.lock",
				"${PODS_ROOT}/Manifest.lock",
			);
			name = "[CP] Check Pods Manifest.lock";
			outputFileListPaths = (
			);
			outputPaths = (
				"$(DERIVED_FILE_DIR)/Pods-Test Project for VertageLab-checkManifestLockResult.txt",
			);
			runOnlyForDeploymentPostprocessing = 0;
			shellPath = /bin/sh;
			shellScript = "diff \"${PODS_PODFILE_DIR_PATH}/Podfile.lock\" \"${PODS_ROOT}/Manifest.lock\" > /dev/null\nif [ $? != 0 ] ; then\n    # print error to STDERR\n    echo \"error: The sandbox is not in sync with the Podfile.lock. Run 'pod install' or update your CocoaPods installation.\" >&2\n    exit 1\nfi\n# This output is used by Xcode 'outputs' to avoid re-running this script phase.\necho \"SUCCESS\" > \"${SCRIPT_OUTPUT_FILE_0}\"\n";
			showEnvVarsInLog = 0;
		};
/* End PBXShellScriptBuildPhase section */

/* Begin PBXSourcesBuildPhase section */
		1F9D469226846F7A00D2CEE8 /* Sources */ = {
			isa = PBXSourcesBuildPhase;
			buildActionMask = 2147483647;
			files = (
				1F9D469E26846F7A00D2CEE8 /* LoginVC.swift in Sources */,
				1F4F89922688874D00ED7AAE /* TPManager.swift in Sources */,
				1F70FCC126873DB700D8B52A /* MapVC.swift in Sources */,
				1F9D469A26846F7A00D2CEE8 /* AppDelegate.swift in Sources */,
				1F9D469C26846F7A00D2CEE8 /* SceneDelegate.swift in Sources */,
				1F6751E52687B077008981DB /* Keys.swift in Sources */,
				1F4F898D2688870D00ED7AAE /* TPModel.swift in Sources */,
				1F4F89902688873400ED7AAE /* TPData.swift in Sources */,
			);
			runOnlyForDeploymentPostprocessing = 0;
		};
/* End PBXSourcesBuildPhase section */

/* Begin PBXVariantGroup section */
		1F9D469F26846F7A00D2CEE8 /* Main.storyboard */ = {
			isa = PBXVariantGroup;
			children = (
				1F9D46A026846F7A00D2CEE8 /* Base */,
			);
			name = Main.storyboard;
			sourceTree = "<group>";
		};
		1F9D46A426846F7D00D2CEE8 /* LaunchScreen.storyboard */ = {
			isa = PBXVariantGroup;
			children = (
				1F9D46A526846F7D00D2CEE8 /* Base */,
			);
			name = LaunchScreen.storyboard;
			sourceTree = "<group>";
		};
/* End PBXVariantGroup section */

/* Begin XCBuildConfiguration section */
		1F9D46A826846F7D00D2CEE8 /* Debug */ = {
			isa = XCBuildConfiguration;
			buildSettings = {
				ALWAYS_SEARCH_USER_PATHS = NO;
				CLANG_ANALYZER_NONNULL = YES;
				CLANG_ANALYZER_NUMBER_OBJECT_CONVERSION = YES_AGGRESSIVE;
				CLANG_CXX_LANGUAGE_STANDARD = "gnu++14";
				CLANG_CXX_LIBRARY = "libc++";
				CLANG_ENABLE_MODULES = YES;
				CLANG_ENABLE_OBJC_ARC = YES;
				CLANG_ENABLE_OBJC_WEAK = YES;
				CLANG_WARN_BLOCK_CAPTURE_AUTORELEASING = YES;
				CLANG_WARN_BOOL_CONVERSION = YES;
				CLANG_WARN_COMMA = YES;
				CLANG_WARN_CONSTANT_CONVERSION = YES;
				CLANG_WARN_DEPRECATED_OBJC_IMPLEMENTATIONS = YES;
				CLANG_WARN_DIRECT_OBJC_ISA_USAGE = YES_ERROR;
				CLANG_WARN_DOCUMENTATION_COMMENTS = YES;
				CLANG_WARN_EMPTY_BODY = YES;
				CLANG_WARN_ENUM_CONVERSION = YES;
				CLANG_WARN_INFINITE_RECURSION = YES;
				CLANG_WARN_INT_CONVERSION = YES;
				CLANG_WARN_NON_LITERAL_NULL_CONVERSION = YES;
				CLANG_WARN_OBJC_IMPLICIT_RETAIN_SELF = YES;
				CLANG_WARN_OBJC_LITERAL_CONVERSION = YES;
				CLANG_WARN_OBJC_ROOT_CLASS = YES_ERROR;
				CLANG_WARN_QUOTED_INCLUDE_IN_FRAMEWORK_HEADER = YES;
				CLANG_WARN_RANGE_LOOP_ANALYSIS = YES;
				CLANG_WARN_STRICT_PROTOTYPES = YES;
				CLANG_WARN_SUSPICIOUS_MOVE = YES;
				CLANG_WARN_UNGUARDED_AVAILABILITY = YES_AGGRESSIVE;
				CLANG_WARN_UNREACHABLE_CODE = YES;
				CLANG_WARN__DUPLICATE_METHOD_MATCH = YES;
				COPY_PHASE_STRIP = NO;
				DEBUG_INFORMATION_FORMAT = dwarf;
				ENABLE_STRICT_OBJC_MSGSEND = YES;
				ENABLE_TESTABILITY = YES;
				GCC_C_LANGUAGE_STANDARD = gnu11;
				GCC_DYNAMIC_NO_PIC = NO;
				GCC_NO_COMMON_BLOCKS = YES;
				GCC_OPTIMIZATION_LEVEL = 0;
				GCC_PREPROCESSOR_DEFINITIONS = (
					"DEBUG=1",
					"$(inherited)",
				);
				GCC_WARN_64_TO_32_BIT_CONVERSION = YES;
				GCC_WARN_ABOUT_RETURN_TYPE = YES_ERROR;
				GCC_WARN_UNDECLARED_SELECTOR = YES;
				GCC_WARN_UNINITIALIZED_AUTOS = YES_AGGRESSIVE;
				GCC_WARN_UNUSED_FUNCTION = YES;
				GCC_WARN_UNUSED_VARIABLE = YES;
				IPHONEOS_DEPLOYMENT_TARGET = 14.5;
				MTL_ENABLE_DEBUG_INFO = INCLUDE_SOURCE;
				MTL_FAST_MATH = YES;
				ONLY_ACTIVE_ARCH = YES;
				SDKROOT = iphoneos;
				SWIFT_ACTIVE_COMPILATION_CONDITIONS = DEBUG;
				SWIFT_OPTIMIZATION_LEVEL = "-Onone";
			};
			name = Debug;
		};
		1F9D46A926846F7D00D2CEE8 /* Release */ = {
			isa = XCBuildConfiguration;
			buildSettings = {
				ALWAYS_SEARCH_USER_PATHS = NO;
				CLANG_ANALYZER_NONNULL = YES;
				CLANG_ANALYZER_NUMBER_OBJECT_CONVERSION = YES_AGGRESSIVE;
				CLANG_CXX_LANGUAGE_STANDARD = "gnu++14";
				CLANG_CXX_LIBRARY = "libc++";
				CLANG_ENABLE_MODULES = YES;
				CLANG_ENABLE_OBJC_ARC = YES;
				CLANG_ENABLE_OBJC_WEAK = YES;
				CLANG_WARN_BLOCK_CAPTURE_AUTORELEASING = YES;
				CLANG_WARN_BOOL_CONVERSION = YES;
				CLANG_WARN_COMMA = YES;
				CLANG_WARN_CONSTANT_CONVERSION = YES;
				CLANG_WARN_DEPRECATED_OBJC_IMPLEMENTATIONS = YES;
				CLANG_WARN_DIRECT_OBJC_ISA_USAGE = YES_ERROR;
				CLANG_WARN_DOCUMENTATION_COMMENTS = YES;
				CLANG_WARN_EMPTY_BODY = YES;
				CLANG_WARN_ENUM_CONVERSION = YES;
				CLANG_WARN_INFINITE_RECURSION = YES;
				CLANG_WARN_INT_CONVERSION = YES;
				CLANG_WARN_NON_LITERAL_NULL_CONVERSION = YES;
				CLANG_WARN_OBJC_IMPLICIT_RETAIN_SELF = YES;
				CLANG_WARN_OBJC_LITERAL_CONVERSION = YES;
				CLANG_WARN_OBJC_ROOT_CLASS = YES_ERROR;
				CLANG_WARN_QUOTED_INCLUDE_IN_FRAMEWORK_HEADER = YES;
				CLANG_WARN_RANGE_LOOP_ANALYSIS = YES;
				CLANG_WARN_STRICT_PROTOTYPES = YES;
				CLANG_WARN_SUSPICIOUS_MOVE = YES;
				CLANG_WARN_UNGUARDED_AVAILABILITY = YES_AGGRESSIVE;
				CLANG_WARN_UNREACHABLE_CODE = YES;
				CLANG_WARN__DUPLICATE_METHOD_MATCH = YES;
				COPY_PHASE_STRIP = NO;
				DEBUG_INFORMATION_FORMAT = "dwarf-with-dsym";
				ENABLE_NS_ASSERTIONS = NO;
				ENABLE_STRICT_OBJC_MSGSEND = YES;
				GCC_C_LANGUAGE_STANDARD = gnu11;
				GCC_NO_COMMON_BLOCKS = YES;
				GCC_WARN_64_TO_32_BIT_CONVERSION = YES;
				GCC_WARN_ABOUT_RETURN_TYPE = YES_ERROR;
				GCC_WARN_UNDECLARED_SELECTOR = YES;
				GCC_WARN_UNINITIALIZED_AUTOS = YES_AGGRESSIVE;
				GCC_WARN_UNUSED_FUNCTION = YES;
				GCC_WARN_UNUSED_VARIABLE = YES;
				IPHONEOS_DEPLOYMENT_TARGET = 14.5;
				MTL_ENABLE_DEBUG_INFO = NO;
				MTL_FAST_MATH = YES;
				SDKROOT = iphoneos;
				SWIFT_COMPILATION_MODE = wholemodule;
				SWIFT_OPTIMIZATION_LEVEL = "-O";
				VALIDATE_PRODUCT = YES;
			};
			name = Release;
		};
		1F9D46AB26846F7D00D2CEE8 /* Debug */ = {
			isa = XCBuildConfiguration;
			baseConfigurationReference = 91DD1A3396213A3EBBE1327A /* Pods-Test Project for VertageLab.debug.xcconfig */;
			buildSettings = {
				ASSETCATALOG_COMPILER_APPICON_NAME = AppIcon;
				ASSETCATALOG_COMPILER_GLOBAL_ACCENT_COLOR_NAME = AccentColor;
				CODE_SIGN_STYLE = Automatic;
				DEVELOPMENT_TEAM = 2D98858FQA;
				INFOPLIST_FILE = "Test Project for VertageLab/Info.plist";
				LD_RUNPATH_SEARCH_PATHS = (
					"$(inherited)",
					"@executable_path/Frameworks",
				);
				PRODUCT_BUNDLE_IDENTIFIER = "ua.OleksandrKhalypa.Test-Project-for-VertageLab";
				PRODUCT_NAME = "$(TARGET_NAME)";
				SWIFT_VERSION = 5.0;
				TARGETED_DEVICE_FAMILY = "1,2";
			};
			name = Debug;
		};
		1F9D46AC26846F7D00D2CEE8 /* Release */ = {
			isa = XCBuildConfiguration;
			baseConfigurationReference = 75FF39FB9AA090E1A63A819C /* Pods-Test Project for VertageLab.release.xcconfig */;
			buildSettings = {
				ASSETCATALOG_COMPILER_APPICON_NAME = AppIcon;
				ASSETCATALOG_COMPILER_GLOBAL_ACCENT_COLOR_NAME = AccentColor;
				CODE_SIGN_STYLE = Automatic;
				DEVELOPMENT_TEAM = 2D98858FQA;
				INFOPLIST_FILE = "Test Project for VertageLab/Info.plist";
				LD_RUNPATH_SEARCH_PATHS = (
					"$(inherited)",
					"@executable_path/Frameworks",
				);
				PRODUCT_BUNDLE_IDENTIFIER = "ua.OleksandrKhalypa.Test-Project-for-VertageLab";
				PRODUCT_NAME = "$(TARGET_NAME)";
				SWIFT_VERSION = 5.0;
				TARGETED_DEVICE_FAMILY = "1,2";
			};
			name = Release;
		};
/* End XCBuildConfiguration section */

/* Begin XCConfigurationList section */
		1F9D469126846F7A00D2CEE8 /* Build configuration list for PBXProject "Test Project for VertageLab" */ = {
			isa = XCConfigurationList;
			buildConfigurations = (
				1F9D46A826846F7D00D2CEE8 /* Debug */,
				1F9D46A926846F7D00D2CEE8 /* Release */,
			);
			defaultConfigurationIsVisible = 0;
			defaultConfigurationName = Release;
		};
		1F9D46AA26846F7D00D2CEE8 /* Build configuration list for PBXNativeTarget "Test Project for VertageLab" */ = {
			isa = XCConfigurationList;
			buildConfigurations = (
				1F9D46AB26846F7D00D2CEE8 /* Debug */,
				1F9D46AC26846F7D00D2CEE8 /* Release */,
			);
			defaultConfigurationIsVisible = 0;
			defaultConfigurationName = Release;
		};
/* End XCConfigurationList section */
	};
	rootObject = 1F9D468E26846F7A00D2CEE8 /* Project object */;
}
